
Microsoft Visual Studio Solution File, Format Version 12.00
# Visual Studio Version 16
VisualStudioVersion = 16.0.30621.155
MinimumVisualStudioVersion = 10.0.40219.1
Project("{FAE04EC0-301F-11D3-BF4B-00C04F79EFBC}") = "ElevenNote.WebMVC", "ElevenNote.WebMVC\ElevenNote.WebMVC.csproj", "{524A26F9-A467-4C9D-9EAB-6AFEC3174C2E}"
EndProject
Project("{FAE04EC0-301F-11D3-BF4B-00C04F79EFBC}") = "ElevenNote.Data", "ElevenNote.Data\ElevenNote.Data.csproj", "{1731E63A-415E-4268-8882-174B3B8E2851}"
EndProject
Project("{FAE04EC0-301F-11D3-BF4B-00C04F79EFBC}") = "ElevenNote.Models", "ElevenNote.Models\ElevenNote.Models.csproj", "{4F8A4054-D410-484A-B14A-BEB699E29CB0}"
EndProject
Project("{FAE04EC0-301F-11D3-BF4B-00C04F79EFBC}") = "ElevenNote.Services", "ElevenNote.Services\ElevenNote.Services.csproj", "{37ABD1EF-2306-443C-A8BD-7360BF573B6C}"
EndProject
Global
	GlobalSection(SolutionConfigurationPlatforms) = preSolution
		Debug|Any CPU = Debug|Any CPU
		Release|Any CPU = Release|Any CPU
	EndGlobalSection
	GlobalSection(ProjectConfigurationPlatforms) = postSolution
		{524A26F9-A467-4C9D-9EAB-6AFEC3174C2E}.Debug|Any CPU.ActiveCfg = Debug|Any CPU
		{524A26F9-A467-4C9D-9EAB-6AFEC3174C2E}.Debug|Any CPU.Build.0 = Debug|Any CPU
		{524A26F9-A467-4C9D-9EAB-6AFEC3174C2E}.Release|Any CPU.ActiveCfg = Release|Any CPU
		{524A26F9-A467-4C9D-9EAB-6AFEC3174C2E}.Release|Any CPU.Build.0 = Release|Any CPU
		{1731E63A-415E-4268-8882-174B3B8E2851}.Debug|Any CPU.ActiveCfg = Debug|Any CPU
		{1731E63A-415E-4268-8882-174B3B8E2851}.Debug|Any CPU.Build.0 = Debug|Any CPU
		{1731E63A-415E-4268-8882-174B3B8E2851}.Release|Any CPU.ActiveCfg = Release|Any CPU
		{1731E63A-415E-4268-8882-174B3B8E2851}.Release|Any CPU.Build.0 = Release|Any CPU
		{4F8A4054-D410-484A-B14A-BEB699E29CB0}.Debug|Any CPU.ActiveCfg = Debug|Any CPU
		{4F8A4054-D410-484A-B14A-BEB699E29CB0}.Debug|Any CPU.Build.0 = Debug|Any CPU
		{4F8A4054-D410-484A-B14A-BEB699E29CB0}.Release|Any CPU.ActiveCfg = Release|Any CPU
		{4F8A4054-D410-484A-B14A-BEB699E29CB0}.Release|Any CPU.Build.0 = Release|Any CPU
		{37ABD1EF-2306-443C-A8BD-7360BF573B6C}.Debug|Any CPU.ActiveCfg = Debug|Any CPU
		{37ABD1EF-2306-443C-A8BD-7360BF573B6C}.Debug|Any CPU.Build.0 = Debug|Any CPU
		{37ABD1EF-2306-443C-A8BD-7360BF573B6C}.Release|Any CPU.ActiveCfg = Release|Any CPU
		{37ABD1EF-2306-443C-A8BD-7360BF573B6C}.Release|Any CPU.Build.0 = Release|Any CPU
	EndGlobalSection
	GlobalSection(SolutionProperties) = preSolution
		HideSolutionNode = FALSE
	EndGlobalSection
	GlobalSection(ExtensibilityGlobals) = postSolution
		SolutionGuid = {2A929013-F553-41BE-9393-2E89CF5B1413}
	EndGlobalSection
EndGlobal
